
Microsoft Visual Studio Solution File, Format Version 12.00
# Visual Studio Version 17
VisualStudioVersion = 17.2.32526.322
MinimumVisualStudioVersion = 10.0.40219.1
Project("{FAE04EC0-301F-11D3-BF4B-00C04F79EFBC}") = "ElegantObjectsSamples", "ElegantObjectsSamples\ElegantObjectsSamples.csproj", "{A3F2A38B-7ED5-4D08-8D90-D9D86CA77EA1}"
EndProject
Global
	GlobalSection(SolutionConfigurationPlatforms) = preSolution
		Debug|Any CPU = Debug|Any CPU
		Release|Any CPU = Release|Any CPU
	EndGlobalSection
	GlobalSection(ProjectConfigurationPlatforms) = postSolution
		{A3F2A38B-7ED5-4D08-8D90-D9D86CA77EA1}.Debug|Any CPU.ActiveCfg = Debug|Any CPU
		{A3F2A38B-7ED5-4D08-8D90-D9D86CA77EA1}.Debug|Any CPU.Build.0 = Debug|Any CPU
		{A3F2A38B-7ED5-4D08-8D90-D9D86CA77EA1}.Release|Any CPU.ActiveCfg = Release|Any CPU
		{A3F2A38B-7ED5-4D08-8D90-D9D86CA77EA1}.Release|Any CPU.Build.0 = Release|Any CPU
	EndGlobalSection
	GlobalSection(SolutionProperties) = preSolution
		HideSolutionNode = FALSE
	EndGlobalSection
	GlobalSection(ExtensibilityGlobals) = postSolution
		SolutionGuid = {0E4AA39C-2372-4310-B4E0-D105B4336F94}
	EndGlobalSection
EndGlobal
